
Microsoft Visual Studio Solution File, Format Version 12.00
# Visual Studio Version 16
VisualStudioVersion = 16.0.31205.134
MinimumVisualStudioVersion = 10.0.40219.1
Project("{FAE04EC0-301F-11D3-BF4B-00C04F79EFBC}") = "ClsObj", "ClsObj\ClsObj.csproj", "{470000C4-AB17-4616-9B47-BB9B034F9108}"
EndProject
Project("{FAE04EC0-301F-11D3-BF4B-00C04F79EFBC}") = "Ab", "Ab\Ab.csproj", "{66034BD8-C9E0-41E0-8DDD-0D7E0E92DA0D}"
EndProject
Project("{FAE04EC0-301F-11D3-BF4B-00C04F79EFBC}") = "Testing", "Testing\Testing.csproj", "{6394B6DC-4746-4119-9461-B73BAF2D5835}"
EndProject
Project("{FAE04EC0-301F-11D3-BF4B-00C04F79EFBC}") = "Ec", "Ec\Ec.csproj", "{364B9A7B-0366-4E87-84D1-DC349A918C98}"
EndProject
Project("{FAE04EC0-301F-11D3-BF4B-00C04F79EFBC}") = "T1", "T1\T1.csproj", "{4188DCB9-D811-4393-A20F-36A14825D223}"
EndProject
Global
	GlobalSection(SolutionConfigurationPlatforms) = preSolution
		Debug|Any CPU = Debug|Any CPU
		Release|Any CPU = Release|Any CPU
	EndGlobalSection
	GlobalSection(ProjectConfigurationPlatforms) = postSolution
		{470000C4-AB17-4616-9B47-BB9B034F9108}.Debug|Any CPU.ActiveCfg = Debug|Any CPU
		{470000C4-AB17-4616-9B47-BB9B034F9108}.Debug|Any CPU.Build.0 = Debug|Any CPU
		{470000C4-AB17-4616-9B47-BB9B034F9108}.Release|Any CPU.ActiveCfg = Release|Any CPU
		{470000C4-AB17-4616-9B47-BB9B034F9108}.Release|Any CPU.Build.0 = Release|Any CPU
		{66034BD8-C9E0-41E0-8DDD-0D7E0E92DA0D}.Debug|Any CPU.ActiveCfg = Debug|Any CPU
		{66034BD8-C9E0-41E0-8DDD-0D7E0E92DA0D}.Debug|Any CPU.Build.0 = Debug|Any CPU
		{66034BD8-C9E0-41E0-8DDD-0D7E0E92DA0D}.Release|Any CPU.ActiveCfg = Release|Any CPU
		{66034BD8-C9E0-41E0-8DDD-0D7E0E92DA0D}.Release|Any CPU.Build.0 = Release|Any CPU
		{6394B6DC-4746-4119-9461-B73BAF2D5835}.Debug|Any CPU.ActiveCfg = Debug|Any CPU
		{6394B6DC-4746-4119-9461-B73BAF2D5835}.Debug|Any CPU.Build.0 = Debug|Any CPU
		{6394B6DC-4746-4119-9461-B73BAF2D5835}.Release|Any CPU.ActiveCfg = Release|Any CPU
		{6394B6DC-4746-4119-9461-B73BAF2D5835}.Release|Any CPU.Build.0 = Release|Any CPU
		{364B9A7B-0366-4E87-84D1-DC349A918C98}.Debug|Any CPU.ActiveCfg = Debug|Any CPU
		{364B9A7B-0366-4E87-84D1-DC349A918C98}.Debug|Any CPU.Build.0 = Debug|Any CPU
		{364B9A7B-0366-4E87-84D1-DC349A918C98}.Release|Any CPU.ActiveCfg = Release|Any CPU
		{364B9A7B-0366-4E87-84D1-DC349A918C98}.Release|Any CPU.Build.0 = Release|Any CPU
		{4188DCB9-D811-4393-A20F-36A14825D223}.Debug|Any CPU.ActiveCfg = Debug|Any CPU
		{4188DCB9-D811-4393-A20F-36A14825D223}.Debug|Any CPU.Build.0 = Debug|Any CPU
		{4188DCB9-D811-4393-A20F-36A14825D223}.Release|Any CPU.ActiveCfg = Release|Any CPU
		{4188DCB9-D811-4393-A20F-36A14825D223}.Release|Any CPU.Build.0 = Release|Any CPU
	EndGlobalSection
	GlobalSection(SolutionProperties) = preSolution
		HideSolutionNode = FALSE
	EndGlobalSection
	GlobalSection(ExtensibilityGlobals) = postSolution
		SolutionGuid = {AB7F5DA7-87BC-471D-9A16-EAC59416B89B}
	EndGlobalSection
EndGlobal
